Microsoft Visual Studio Solution File, Format Version 7.00
Project("{8BC9CEB8-8B4A-11D0-8D11-00A0C91BC942}") = "ControlBase", "ControlBase\ControlBase.vcproj", "{5FEA3D9E-BFAF-4C5E-8E2B-3A57D8700374}"
EndProject
Project("{8BC9CEB8-8B4A-11D0-8D11-00A0C91BC942}") = "GargleDMO", "GargleDMO.vcproj", "{DFE30E73-4877-4BE3-88F0-097FB1DCD5FB}"
EndProject
Project("{8BC9CEB8-8B4A-11D0-8D11-00A0C91BC942}") = "MedParamBase", "MedParamBase\MedParamBase.vcproj", "{F3C3D0EA-CEF0-4EC3-8339-479CBF95D24B}"
EndProject
Global
	GlobalSection(SolutionConfiguration) = preSolution
		ConfigName.0 = Debug
		ConfigName.1 = Debug Unicode
		ConfigName.2 = Release
		ConfigName.3 = Release Unicode
	EndGlobalSection
	GlobalSection(ProjectDependencies) = postSolution
		{DFE30E73-4877-4BE3-88F0-097FB1DCD5FB}.0 = {5FEA3D9E-BFAF-4C5E-8E2B-3A57D8700374}
		{DFE30E73-4877-4BE3-88F0-097FB1DCD5FB}.1 = {F3C3D0EA-CEF0-4EC3-8339-479CBF95D24B}
	EndGlobalSection
	GlobalSection(ProjectConfiguration) = postSolution
		{5FEA3D9E-BFAF-4C5E-8E2B-3A57D8700374}.Debug.ActiveCfg = Debug|Win32
		{5FEA3D9E-BFAF-4C5E-8E2B-3A57D8700374}.Debug.Build.0 = Debug|Win32
		{5FEA3D9E-BFAF-4C5E-8E2B-3A57D8700374}.Debug Unicode.ActiveCfg = Debug Unicode|Win32
		{5FEA3D9E-BFAF-4C5E-8E2B-3A57D8700374}.Debug Unicode.Build.0 = Debug Unicode|Win32
		{5FEA3D9E-BFAF-4C5E-8E2B-3A57D8700374}.Release.ActiveCfg = Release|Win32
		{5FEA3D9E-BFAF-4C5E-8E2B-3A57D8700374}.Release.Build.0 = Release|Win32
		{5FEA3D9E-BFAF-4C5E-8E2B-3A57D8700374}.Release Unicode.ActiveCfg = Release Unicode|Win32
		{5FEA3D9E-BFAF-4C5E-8E2B-3A57D8700374}.Release Unicode.Build.0 = Release Unicode|Win32
		{DFE30E73-4877-4BE3-88F0-097FB1DCD5FB}.Debug.ActiveCfg = Debug|Win32
		{DFE30E73-4877-4BE3-88F0-097FB1DCD5FB}.Debug.Build.0 = Debug|Win32
		{DFE30E73-4877-4BE3-88F0-097FB1DCD5FB}.Debug Unicode.ActiveCfg = Debug Unicode|Win32
		{DFE30E73-4877-4BE3-88F0-097FB1DCD5FB}.Debug Unicode.Build.0 = Debug Unicode|Win32
		{DFE30E73-4877-4BE3-88F0-097FB1DCD5FB}.Release.ActiveCfg = Release|Win32
		{DFE30E73-4877-4BE3-88F0-097FB1DCD5FB}.Release.Build.0 = Release|Win32
		{DFE30E73-4877-4BE3-88F0-097FB1DCD5FB}.Release Unicode.ActiveCfg = Release Unicode|Win32
		{DFE30E73-4877-4BE3-88F0-097FB1DCD5FB}.Release Unicode.Build.0 = Release Unicode|Win32
		{F3C3D0EA-CEF0-4EC3-8339-479CBF95D24B}.Debug.ActiveCfg = Debug|Win32
		{F3C3D0EA-CEF0-4EC3-8339-479CBF95D24B}.Debug.Build.0 = Debug|Win32
		{F3C3D0EA-CEF0-4EC3-8339-479CBF95D24B}.Debug Unicode.ActiveCfg = Debug Unicode|Win32
		{F3C3D0EA-CEF0-4EC3-8339-479CBF95D24B}.Debug Unicode.Build.0 = Debug Unicode|Win32
		{F3C3D0EA-CEF0-4EC3-8339-479CBF95D24B}.Release.ActiveCfg = Release|Win32
		{F3C3D0EA-CEF0-4EC3-8339-479CBF95D24B}.Release.Build.0 = Release|Win32
		{F3C3D0EA-CEF0-4EC3-8339-479CBF95D24B}.Release Unicode.ActiveCfg = Release Unicode|Win32
		{F3C3D0EA-CEF0-4EC3-8339-479CBF95D24B}.Release Unicode.Build.0 = Release Unicode|Win32
	EndGlobalSection
	GlobalSection(ExtensibilityGlobals) = postSolution
	EndGlobalSection
	GlobalSection(ExtensibilityAddIns) = postSolution
	EndGlobalSection
EndGlobal
