Microsoft Visual Studio Solution File, Format Version 7.00
Project("{8BC9CEB8-8B4A-11D0-8D11-00A0C91BC942}") = "dsnet", "Filter\DSNetwork.vcproj", "{D97E80EB-33B8-4661-86C3-ED1193FCBF80}"
EndProject
Project("{8BC9CEB8-8B4A-11D0-8D11-00A0C91BC942}") = "dsnetifc", "IDL\dsnetifc.vcproj", "{D3531F27-4A40-4619-9B68-67DDFBD929D3}"
EndProject
Project("{8BC9CEB8-8B4A-11D0-8D11-00A0C91BC942}") = "dsrecv", "Receiver\dsrecv.vcproj", "{8E6A204C-02E8-460C-B77C-4D0F3A1EE8C1}"
EndProject
Project("{8BC9CEB8-8B4A-11D0-8D11-00A0C91BC942}") = "dssend", "Sender\dssend.vcproj", "{9F01B6EF-D15D-4208-B8FF-0C0A8C523172}"
EndProject
Project("{8BC9CEB8-8B4A-11D0-8D11-00A0C91BC942}") = "nutil", "Util\nutil.vcproj", "{C1749E54-3FB7-40AF-A668-191073223746}"
EndProject
Global
	GlobalSection(SolutionConfiguration) = preSolution
		ConfigName.0 = Debug
		ConfigName.1 = Debug Unicode
		ConfigName.2 = Release
		ConfigName.3 = Release Unicode
	EndGlobalSection
	GlobalSection(ProjectDependencies) = postSolution
		{D97E80EB-33B8-4661-86C3-ED1193FCBF80}.0 = {C1749E54-3FB7-40AF-A668-191073223746}
		{D97E80EB-33B8-4661-86C3-ED1193FCBF80}.1 = {9F01B6EF-D15D-4208-B8FF-0C0A8C523172}
		{D97E80EB-33B8-4661-86C3-ED1193FCBF80}.2 = {8E6A204C-02E8-460C-B77C-4D0F3A1EE8C1}
		{D97E80EB-33B8-4661-86C3-ED1193FCBF80}.3 = {D3531F27-4A40-4619-9B68-67DDFBD929D3}
		{8E6A204C-02E8-460C-B77C-4D0F3A1EE8C1}.0 = {D3531F27-4A40-4619-9B68-67DDFBD929D3}
		{9F01B6EF-D15D-4208-B8FF-0C0A8C523172}.0 = {D3531F27-4A40-4619-9B68-67DDFBD929D3}
		{C1749E54-3FB7-40AF-A668-191073223746}.0 = {D3531F27-4A40-4619-9B68-67DDFBD929D3}
	EndGlobalSection
	GlobalSection(ProjectConfiguration) = postSolution
		{D97E80EB-33B8-4661-86C3-ED1193FCBF80}.Debug.ActiveCfg = Debug|Win32
		{D97E80EB-33B8-4661-86C3-ED1193FCBF80}.Debug.Build.0 = Debug|Win32
		{D97E80EB-33B8-4661-86C3-ED1193FCBF80}.Debug Unicode.ActiveCfg = Debug Unicode|Win32
		{D97E80EB-33B8-4661-86C3-ED1193FCBF80}.Debug Unicode.Build.0 = Debug Unicode|Win32
		{D97E80EB-33B8-4661-86C3-ED1193FCBF80}.Release.ActiveCfg = Release|Win32
		{D97E80EB-33B8-4661-86C3-ED1193FCBF80}.Release.Build.0 = Release|Win32
		{D97E80EB-33B8-4661-86C3-ED1193FCBF80}.Release Unicode.ActiveCfg = Release Unicode|Win32
		{D97E80EB-33B8-4661-86C3-ED1193FCBF80}.Release Unicode.Build.0 = Release Unicode|Win32
		{D3531F27-4A40-4619-9B68-67DDFBD929D3}.Debug.ActiveCfg = Debug|Win32
		{D3531F27-4A40-4619-9B68-67DDFBD929D3}.Debug.Build.0 = Debug|Win32
		{D3531F27-4A40-4619-9B68-67DDFBD929D3}.Debug Unicode.ActiveCfg = Debug Unicode|Win32
		{D3531F27-4A40-4619-9B68-67DDFBD929D3}.Debug Unicode.Build.0 = Debug Unicode|Win32
		{D3531F27-4A40-4619-9B68-67DDFBD929D3}.Release.ActiveCfg = Release|Win32
		{D3531F27-4A40-4619-9B68-67DDFBD929D3}.Release.Build.0 = Release|Win32
		{D3531F27-4A40-4619-9B68-67DDFBD929D3}.Release Unicode.ActiveCfg = Release Unicode|Win32
		{D3531F27-4A40-4619-9B68-67DDFBD929D3}.Release Unicode.Build.0 = Release Unicode|Win32
		{8E6A204C-02E8-460C-B77C-4D0F3A1EE8C1}.Debug.ActiveCfg = Debug|Win32
		{8E6A204C-02E8-460C-B77C-4D0F3A1EE8C1}.Debug.Build.0 = Debug|Win32
		{8E6A204C-02E8-460C-B77C-4D0F3A1EE8C1}.Debug Unicode.ActiveCfg = Debug Unicode|Win32
		{8E6A204C-02E8-460C-B77C-4D0F3A1EE8C1}.Debug Unicode.Build.0 = Debug Unicode|Win32
		{8E6A204C-02E8-460C-B77C-4D0F3A1EE8C1}.Release.ActiveCfg = Release|Win32
		{8E6A204C-02E8-460C-B77C-4D0F3A1EE8C1}.Release.Build.0 = Release|Win32
		{8E6A204C-02E8-460C-B77C-4D0F3A1EE8C1}.Release Unicode.ActiveCfg = Release Unicode|Win32
		{8E6A204C-02E8-460C-B77C-4D0F3A1EE8C1}.Release Unicode.Build.0 = Release Unicode|Win32
		{9F01B6EF-D15D-4208-B8FF-0C0A8C523172}.Debug.ActiveCfg = Debug|Win32
		{9F01B6EF-D15D-4208-B8FF-0C0A8C523172}.Debug.Build.0 = Debug|Win32
		{9F01B6EF-D15D-4208-B8FF-0C0A8C523172}.Debug Unicode.ActiveCfg = Debug Unicode|Win32
		{9F01B6EF-D15D-4208-B8FF-0C0A8C523172}.Debug Unicode.Build.0 = Debug Unicode|Win32
		{9F01B6EF-D15D-4208-B8FF-0C0A8C523172}.Release.ActiveCfg = Release|Win32
		{9F01B6EF-D15D-4208-B8FF-0C0A8C523172}.Release.Build.0 = Release|Win32
		{9F01B6EF-D15D-4208-B8FF-0C0A8C523172}.Release Unicode.ActiveCfg = Release Unicode|Win32
		{9F01B6EF-D15D-4208-B8FF-0C0A8C523172}.Release Unicode.Build.0 = Release Unicode|Win32
		{C1749E54-3FB7-40AF-A668-191073223746}.Debug.ActiveCfg = Debug|Win32
		{C1749E54-3FB7-40AF-A668-191073223746}.Debug.Build.0 = Debug|Win32
		{C1749E54-3FB7-40AF-A668-191073223746}.Debug Unicode.ActiveCfg = Debug Unicode|Win32
		{C1749E54-3FB7-40AF-A668-191073223746}.Debug Unicode.Build.0 = Debug Unicode|Win32
		{C1749E54-3FB7-40AF-A668-191073223746}.Release.ActiveCfg = Release|Win32
		{C1749E54-3FB7-40AF-A668-191073223746}.Release.Build.0 = Release|Win32
		{C1749E54-3FB7-40AF-A668-191073223746}.Release Unicode.ActiveCfg = Release Unicode|Win32
		{C1749E54-3FB7-40AF-A668-191073223746}.Release Unicode.Build.0 = Release Unicode|Win32
	EndGlobalSection
	GlobalSection(ExtensibilityGlobals) = postSolution
	EndGlobalSection
	GlobalSection(ExtensibilityAddIns) = postSolution
	EndGlobalSection
EndGlobal
