Microsoft Visual Studio Solution File, Format Version 7.00
Project("{8BC9CEB8-8B4A-11D0-8D11-00A0C91BC942}") = "Watermark9", "Watermark9.vcproj", "{F4767DCE-8054-4F70-AB07-DCBC3F587BBD}"
EndProject
Global
	GlobalSection(SolutionConfiguration) = preSolution
		ConfigName.0 = Debug
		ConfigName.1 = Debug Unicode
		ConfigName.2 = Release
		ConfigName.3 = Release Unicode
	EndGlobalSection
	GlobalSection(ProjectDependencies) = postSolution
	EndGlobalSection
	GlobalSection(ProjectConfiguration) = postSolution
		{F4767DCE-8054-4F70-AB07-DCBC3F587BBD}.Debug.ActiveCfg = Debug|Win32
		{F4767DCE-8054-4F70-AB07-DCBC3F587BBD}.Debug.Build.0 = Debug|Win32
		{F4767DCE-8054-4F70-AB07-DCBC3F587BBD}.Debug Unicode.ActiveCfg = Debug Unicode|Win32
		{F4767DCE-8054-4F70-AB07-DCBC3F587BBD}.Debug Unicode.Build.0 = Debug Unicode|Win32
		{F4767DCE-8054-4F70-AB07-DCBC3F587BBD}.Release.ActiveCfg = Release|Win32
		{F4767DCE-8054-4F70-AB07-DCBC3F587BBD}.Release.Build.0 = Release|Win32
		{F4767DCE-8054-4F70-AB07-DCBC3F587BBD}.Release Unicode.ActiveCfg = Release Unicode|Win32
		{F4767DCE-8054-4F70-AB07-DCBC3F587BBD}.Release Unicode.Build.0 = Release Unicode|Win32
	EndGlobalSection
	GlobalSection(ExtensibilityGlobals) = postSolution
	EndGlobalSection
	GlobalSection(ExtensibilityAddIns) = postSolution
	EndGlobalSection
EndGlobal
