Microsoft Visual Studio Solution File, Format Version 7.00
Project("{8BC9CEB8-8B4A-11D0-8D11-00A0C91BC942}") = "nutil", "nutil.vcproj", "{06AA8DDE-7158-4925-8BEE-3354C3D9A1CD}"
EndProject
Global
	GlobalSection(SolutionConfiguration) = preSolution
		ConfigName.0 = Debug
		ConfigName.1 = Debug Unicode
		ConfigName.2 = Release
		ConfigName.3 = Release Unicode
	EndGlobalSection
	GlobalSection(ProjectDependencies) = postSolution
	EndGlobalSection
	GlobalSection(ProjectConfiguration) = postSolution
		{06AA8DDE-7158-4925-8BEE-3354C3D9A1CD}.Debug.ActiveCfg = Debug|Win32
		{06AA8DDE-7158-4925-8BEE-3354C3D9A1CD}.Debug.Build.0 = Debug|Win32
		{06AA8DDE-7158-4925-8BEE-3354C3D9A1CD}.Debug Unicode.ActiveCfg = Debug Unicode|Win32
		{06AA8DDE-7158-4925-8BEE-3354C3D9A1CD}.Debug Unicode.Build.0 = Debug Unicode|Win32
		{06AA8DDE-7158-4925-8BEE-3354C3D9A1CD}.Release.ActiveCfg = Release|Win32
		{06AA8DDE-7158-4925-8BEE-3354C3D9A1CD}.Release.Build.0 = Release|Win32
		{06AA8DDE-7158-4925-8BEE-3354C3D9A1CD}.Release Unicode.ActiveCfg = Release Unicode|Win32
		{06AA8DDE-7158-4925-8BEE-3354C3D9A1CD}.Release Unicode.Build.0 = Release Unicode|Win32
	EndGlobalSection
	GlobalSection(ExtensibilityGlobals) = postSolution
	EndGlobalSection
	GlobalSection(ExtensibilityAddIns) = postSolution
	EndGlobalSection
EndGlobal
