Microsoft Visual Studio Solution File, Format Version 7.00
Project("{8BC9CEB8-8B4A-11D0-8D11-00A0C91BC942}") = "Windowless", "Windowless.vcproj", "{C485FB81-99E3-4DAD-B310-7A9413196BFD}"
EndProject
Global
	GlobalSection(SolutionConfiguration) = preSolution
		ConfigName.0 = Debug
		ConfigName.1 = Debug Unicode
		ConfigName.2 = Release
		ConfigName.3 = Release Unicode
	EndGlobalSection
	GlobalSection(ProjectDependencies) = postSolution
	EndGlobalSection
	GlobalSection(ProjectConfiguration) = postSolution
		{C485FB81-99E3-4DAD-B310-7A9413196BFD}.Debug.ActiveCfg = Debug|Win32
		{C485FB81-99E3-4DAD-B310-7A9413196BFD}.Debug.Build.0 = Debug|Win32
		{C485FB81-99E3-4DAD-B310-7A9413196BFD}.Debug Unicode.ActiveCfg = Debug Unicode|Win32
		{C485FB81-99E3-4DAD-B310-7A9413196BFD}.Debug Unicode.Build.0 = Debug Unicode|Win32
		{C485FB81-99E3-4DAD-B310-7A9413196BFD}.Release.ActiveCfg = Release|Win32
		{C485FB81-99E3-4DAD-B310-7A9413196BFD}.Release.Build.0 = Release|Win32
		{C485FB81-99E3-4DAD-B310-7A9413196BFD}.Release Unicode.ActiveCfg = Release Unicode|Win32
		{C485FB81-99E3-4DAD-B310-7A9413196BFD}.Release Unicode.Build.0 = Release Unicode|Win32
	EndGlobalSection
	GlobalSection(ExtensibilityGlobals) = postSolution
	EndGlobalSection
	GlobalSection(ExtensibilityAddIns) = postSolution
	EndGlobalSection
EndGlobal
