Microsoft Visual Studio Solution File, Format Version 7.00
Project("{8BC9CEB8-8B4A-11D0-8D11-00A0C91BC942}") = "vmr9compositor", "vmr9compositor.vcproj", "{264F43E3-160A-4DB0-B115-C5B1E61B6C25}"
EndProject
Global
	GlobalSection(SolutionConfiguration) = preSolution
		ConfigName.0 = Debug
		ConfigName.1 = Release
	EndGlobalSection
	GlobalSection(ProjectDependencies) = postSolution
	EndGlobalSection
	GlobalSection(ProjectConfiguration) = postSolution
		{264F43E3-160A-4DB0-B115-C5B1E61B6C25}.Debug.ActiveCfg = Debug|Win32
		{264F43E3-160A-4DB0-B115-C5B1E61B6C25}.Debug.Build.0 = Debug|Win32
		{264F43E3-160A-4DB0-B115-C5B1E61B6C25}.Release.ActiveCfg = Release|Win32
		{264F43E3-160A-4DB0-B115-C5B1E61B6C25}.Release.Build.0 = Release|Win32
	EndGlobalSection
	GlobalSection(ExtensibilityGlobals) = postSolution
	EndGlobalSection
	GlobalSection(ExtensibilityAddIns) = postSolution
	EndGlobalSection
EndGlobal
