Microsoft Visual Studio Solution File, Format Version 7.00
Project("{8BC9CEB8-8B4A-11D0-8D11-00A0C91BC942}") = "CompressView", "Compressor.vcproj", "{36130276-BDF9-427A-87B4-646FE66A57BA}"
EndProject
Global
	GlobalSection(SolutionConfiguration) = preSolution
		ConfigName.0 = Debug
		ConfigName.1 = Debug Unicode
		ConfigName.2 = Release
		ConfigName.3 = Release Unicode
	EndGlobalSection
	GlobalSection(ProjectDependencies) = postSolution
	EndGlobalSection
	GlobalSection(ProjectConfiguration) = postSolution
		{36130276-BDF9-427A-87B4-646FE66A57BA}.Debug.ActiveCfg = Debug|Win32
		{36130276-BDF9-427A-87B4-646FE66A57BA}.Debug.Build.0 = Debug|Win32
		{36130276-BDF9-427A-87B4-646FE66A57BA}.Debug Unicode.ActiveCfg = Debug Unicode|Win32
		{36130276-BDF9-427A-87B4-646FE66A57BA}.Debug Unicode.Build.0 = Debug Unicode|Win32
		{36130276-BDF9-427A-87B4-646FE66A57BA}.Release.ActiveCfg = Release|Win32
		{36130276-BDF9-427A-87B4-646FE66A57BA}.Release.Build.0 = Release|Win32
		{36130276-BDF9-427A-87B4-646FE66A57BA}.Release Unicode.ActiveCfg = Release Unicode|Win32
		{36130276-BDF9-427A-87B4-646FE66A57BA}.Release Unicode.Build.0 = Release Unicode|Win32
	EndGlobalSection
	GlobalSection(ExtensibilityGlobals) = postSolution
	EndGlobalSection
	GlobalSection(ExtensibilityAddIns) = postSolution
	EndGlobalSection
EndGlobal
