Microsoft Visual Studio Solution File, Format Version 7.00
Project("{8BC9CEB8-8B4A-11D0-8D11-00A0C91BC942}") = "Blender", "Blender.vcproj", "{FF94F4E3-13A0-4252-814C-3D424F9F6FD0}"
EndProject
Global
	GlobalSection(SolutionConfiguration) = preSolution
		ConfigName.0 = Debug
		ConfigName.1 = Debug Unicode
		ConfigName.2 = Release
		ConfigName.3 = Release Unicode
	EndGlobalSection
	GlobalSection(ProjectDependencies) = postSolution
	EndGlobalSection
	GlobalSection(ProjectConfiguration) = postSolution
		{FF94F4E3-13A0-4252-814C-3D424F9F6FD0}.Debug.ActiveCfg = Debug|Win32
		{FF94F4E3-13A0-4252-814C-3D424F9F6FD0}.Debug.Build.0 = Debug|Win32
		{FF94F4E3-13A0-4252-814C-3D424F9F6FD0}.Debug Unicode.ActiveCfg = Debug Unicode|Win32
		{FF94F4E3-13A0-4252-814C-3D424F9F6FD0}.Debug Unicode.Build.0 = Debug Unicode|Win32
		{FF94F4E3-13A0-4252-814C-3D424F9F6FD0}.Release.ActiveCfg = Release|Win32
		{FF94F4E3-13A0-4252-814C-3D424F9F6FD0}.Release.Build.0 = Release|Win32
		{FF94F4E3-13A0-4252-814C-3D424F9F6FD0}.Release Unicode.ActiveCfg = Release Unicode|Win32
		{FF94F4E3-13A0-4252-814C-3D424F9F6FD0}.Release Unicode.Build.0 = Release Unicode|Win32
	EndGlobalSection
	GlobalSection(ExtensibilityGlobals) = postSolution
	EndGlobalSection
	GlobalSection(ExtensibilityAddIns) = postSolution
	EndGlobalSection
EndGlobal
