Microsoft Visual Studio Solution File, Format Version 7.00
Project("{8BC9CEB8-8B4A-11D0-8D11-00A0C91BC942}") = "MonitorInfo9", "MonitorInfo9.vcproj", "{A3F6930A-54C6-4F93-9E0A-4D9F417CA6D0}"
EndProject
Global
	GlobalSection(SolutionConfiguration) = preSolution
		ConfigName.0 = Debug
		ConfigName.1 = Debug Unicode
		ConfigName.2 = Release
		ConfigName.3 = Release Unicode
	EndGlobalSection
	GlobalSection(ProjectDependencies) = postSolution
	EndGlobalSection
	GlobalSection(ProjectConfiguration) = postSolution
		{A3F6930A-54C6-4F93-9E0A-4D9F417CA6D0}.Debug.ActiveCfg = Debug|Win32
		{A3F6930A-54C6-4F93-9E0A-4D9F417CA6D0}.Debug.Build.0 = Debug|Win32
		{A3F6930A-54C6-4F93-9E0A-4D9F417CA6D0}.Debug Unicode.ActiveCfg = Debug Unicode|Win32
		{A3F6930A-54C6-4F93-9E0A-4D9F417CA6D0}.Debug Unicode.Build.0 = Debug Unicode|Win32
		{A3F6930A-54C6-4F93-9E0A-4D9F417CA6D0}.Release.ActiveCfg = Release|Win32
		{A3F6930A-54C6-4F93-9E0A-4D9F417CA6D0}.Release.Build.0 = Release|Win32
		{A3F6930A-54C6-4F93-9E0A-4D9F417CA6D0}.Release Unicode.ActiveCfg = Release Unicode|Win32
		{A3F6930A-54C6-4F93-9E0A-4D9F417CA6D0}.Release Unicode.Build.0 = Release Unicode|Win32
	EndGlobalSection
	GlobalSection(ExtensibilityGlobals) = postSolution
	EndGlobalSection
	GlobalSection(ExtensibilityAddIns) = postSolution
	EndGlobalSection
EndGlobal
