Microsoft Visual Studio Solution File, Format Version 7.00
Project("{8BC9CEB8-8B4A-11D0-8D11-00A0C91BC942}") = "asynbase", "Base\asynbase.vcproj", "{B8826A7F-C70E-46B6-9FD6-9B8459011700}"
EndProject
Project("{8BC9CEB8-8B4A-11D0-8D11-00A0C91BC942}") = "async", "Filter\asyncflt.vcproj", "{7A094AA1-BDBD-441E-97E9-18158D3D402D}"
EndProject
Project("{8BC9CEB8-8B4A-11D0-8D11-00A0C91BC942}") = "memfile", "Memfile\memfile.vcproj", "{4EDB37E8-92F8-4D15-9BBF-7B4451C287C2}"
EndProject
Global
	GlobalSection(SolutionConfiguration) = preSolution
		ConfigName.0 = Debug
		ConfigName.1 = Debug Unicode
		ConfigName.2 = Release
		ConfigName.3 = Release Unicode
	EndGlobalSection
	GlobalSection(ProjectDependencies) = postSolution
		{7A094AA1-BDBD-441E-97E9-18158D3D402D}.0 = {B8826A7F-C70E-46B6-9FD6-9B8459011700}
		{4EDB37E8-92F8-4D15-9BBF-7B4451C287C2}.0 = {B8826A7F-C70E-46B6-9FD6-9B8459011700}
	EndGlobalSection
	GlobalSection(ProjectConfiguration) = postSolution
		{B8826A7F-C70E-46B6-9FD6-9B8459011700}.Debug.ActiveCfg = Debug|Win32
		{B8826A7F-C70E-46B6-9FD6-9B8459011700}.Debug.Build.0 = Debug|Win32
		{B8826A7F-C70E-46B6-9FD6-9B8459011700}.Debug Unicode.ActiveCfg = Debug Unicode|Win32
		{B8826A7F-C70E-46B6-9FD6-9B8459011700}.Debug Unicode.Build.0 = Debug Unicode|Win32
		{B8826A7F-C70E-46B6-9FD6-9B8459011700}.Release.ActiveCfg = Release|Win32
		{B8826A7F-C70E-46B6-9FD6-9B8459011700}.Release.Build.0 = Release|Win32
		{B8826A7F-C70E-46B6-9FD6-9B8459011700}.Release Unicode.ActiveCfg = Release Unicode|Win32
		{B8826A7F-C70E-46B6-9FD6-9B8459011700}.Release Unicode.Build.0 = Release Unicode|Win32
		{7A094AA1-BDBD-441E-97E9-18158D3D402D}.Debug.ActiveCfg = Debug|Win32
		{7A094AA1-BDBD-441E-97E9-18158D3D402D}.Debug.Build.0 = Debug|Win32
		{7A094AA1-BDBD-441E-97E9-18158D3D402D}.Debug Unicode.ActiveCfg = Debug Unicode|Win32
		{7A094AA1-BDBD-441E-97E9-18158D3D402D}.Debug Unicode.Build.0 = Debug Unicode|Win32
		{7A094AA1-BDBD-441E-97E9-18158D3D402D}.Release.ActiveCfg = Release|Win32
		{7A094AA1-BDBD-441E-97E9-18158D3D402D}.Release.Build.0 = Release|Win32
		{7A094AA1-BDBD-441E-97E9-18158D3D402D}.Release Unicode.ActiveCfg = Release Unicode|Win32
		{7A094AA1-BDBD-441E-97E9-18158D3D402D}.Release Unicode.Build.0 = Release Unicode|Win32
		{4EDB37E8-92F8-4D15-9BBF-7B4451C287C2}.Debug.ActiveCfg = Debug|Win32
		{4EDB37E8-92F8-4D15-9BBF-7B4451C287C2}.Debug.Build.0 = Debug|Win32
		{4EDB37E8-92F8-4D15-9BBF-7B4451C287C2}.Debug Unicode.ActiveCfg = Debug Unicode|Win32
		{4EDB37E8-92F8-4D15-9BBF-7B4451C287C2}.Debug Unicode.Build.0 = Debug Unicode|Win32
		{4EDB37E8-92F8-4D15-9BBF-7B4451C287C2}.Release.ActiveCfg = Release|Win32
		{4EDB37E8-92F8-4D15-9BBF-7B4451C287C2}.Release.Build.0 = Release|Win32
		{4EDB37E8-92F8-4D15-9BBF-7B4451C287C2}.Release Unicode.ActiveCfg = Release Unicode|Win32
		{4EDB37E8-92F8-4D15-9BBF-7B4451C287C2}.Release Unicode.Build.0 = Release Unicode|Win32
	EndGlobalSection
	GlobalSection(ExtensibilityGlobals) = postSolution
	EndGlobalSection
	GlobalSection(ExtensibilityAddIns) = postSolution
	EndGlobalSection
EndGlobal
