Microsoft Visual Studio Solution File, Format Version 7.00
Project("{8BC9CEB8-8B4A-11D0-8D11-00A0C91BC942}") = "SysEnum", "SysEnum.vcproj", "{22C30EB3-2C6B-4DB2-A312-D7A31CD42F67}"
EndProject
Global
	GlobalSection(SolutionConfiguration) = preSolution
		ConfigName.0 = Debug
		ConfigName.1 = Debug Unicode
		ConfigName.2 = Release
		ConfigName.3 = Release Unicode
	EndGlobalSection
	GlobalSection(ProjectDependencies) = postSolution
	EndGlobalSection
	GlobalSection(ProjectConfiguration) = postSolution
		{22C30EB3-2C6B-4DB2-A312-D7A31CD42F67}.Debug.ActiveCfg = Debug|Win32
		{22C30EB3-2C6B-4DB2-A312-D7A31CD42F67}.Debug.Build.0 = Debug|Win32
		{22C30EB3-2C6B-4DB2-A312-D7A31CD42F67}.Debug Unicode.ActiveCfg = Debug Unicode|Win32
		{22C30EB3-2C6B-4DB2-A312-D7A31CD42F67}.Debug Unicode.Build.0 = Debug Unicode|Win32
		{22C30EB3-2C6B-4DB2-A312-D7A31CD42F67}.Release.ActiveCfg = Release|Win32
		{22C30EB3-2C6B-4DB2-A312-D7A31CD42F67}.Release.Build.0 = Release|Win32
		{22C30EB3-2C6B-4DB2-A312-D7A31CD42F67}.Release Unicode.ActiveCfg = Release Unicode|Win32
		{22C30EB3-2C6B-4DB2-A312-D7A31CD42F67}.Release Unicode.Build.0 = Release Unicode|Win32
	EndGlobalSection
	GlobalSection(ExtensibilityGlobals) = postSolution
	EndGlobalSection
	GlobalSection(ExtensibilityAddIns) = postSolution
	EndGlobalSection
EndGlobal
