Microsoft Visual Studio Solution File, Format Version 7.00
Project("{8BC9CEB8-8B4A-11D0-8D11-00A0C91BC942}") = "ezrgb24", "ezrgb24.vcproj", "{E0FCDEB2-0EB5-42F6-B80D-B92C5CE8F77C}"
EndProject
Global
	GlobalSection(SolutionConfiguration) = preSolution
		ConfigName.0 = Debug
		ConfigName.1 = Debug Unicode
		ConfigName.2 = Release
		ConfigName.3 = Release Unicode
	EndGlobalSection
	GlobalSection(ProjectDependencies) = postSolution
	EndGlobalSection
	GlobalSection(ProjectConfiguration) = postSolution
		{E0FCDEB2-0EB5-42F6-B80D-B92C5CE8F77C}.Debug.ActiveCfg = Debug|Win32
		{E0FCDEB2-0EB5-42F6-B80D-B92C5CE8F77C}.Debug.Build.0 = Debug|Win32
		{E0FCDEB2-0EB5-42F6-B80D-B92C5CE8F77C}.Debug Unicode.ActiveCfg = Debug Unicode|Win32
		{E0FCDEB2-0EB5-42F6-B80D-B92C5CE8F77C}.Debug Unicode.Build.0 = Debug Unicode|Win32
		{E0FCDEB2-0EB5-42F6-B80D-B92C5CE8F77C}.Release.ActiveCfg = Release|Win32
		{E0FCDEB2-0EB5-42F6-B80D-B92C5CE8F77C}.Release.Build.0 = Release|Win32
		{E0FCDEB2-0EB5-42F6-B80D-B92C5CE8F77C}.Release Unicode.ActiveCfg = Release Unicode|Win32
		{E0FCDEB2-0EB5-42F6-B80D-B92C5CE8F77C}.Release Unicode.Build.0 = Release Unicode|Win32
	EndGlobalSection
	GlobalSection(ExtensibilityGlobals) = postSolution
	EndGlobalSection
	GlobalSection(ExtensibilityAddIns) = postSolution
	EndGlobalSection
EndGlobal
