Microsoft Visual Studio Solution File, Format Version 7.00
Project("{8BC9CEB8-8B4A-11D0-8D11-00A0C91BC942}") = "nullip", "nullip.vcproj", "{D880F80F-0BAC-4F87-A603-6277079F2E24}"
EndProject
Global
	GlobalSection(SolutionConfiguration) = preSolution
		ConfigName.0 = Debug
		ConfigName.1 = Debug Unicode
		ConfigName.2 = Release
		ConfigName.3 = Release Unicode
	EndGlobalSection
	GlobalSection(ProjectDependencies) = postSolution
	EndGlobalSection
	GlobalSection(ProjectConfiguration) = postSolution
		{D880F80F-0BAC-4F87-A603-6277079F2E24}.Debug.ActiveCfg = Debug|Win32
		{D880F80F-0BAC-4F87-A603-6277079F2E24}.Debug.Build.0 = Debug|Win32
		{D880F80F-0BAC-4F87-A603-6277079F2E24}.Debug Unicode.ActiveCfg = Debug Unicode|Win32
		{D880F80F-0BAC-4F87-A603-6277079F2E24}.Debug Unicode.Build.0 = Debug Unicode|Win32
		{D880F80F-0BAC-4F87-A603-6277079F2E24}.Release.ActiveCfg = Release|Win32
		{D880F80F-0BAC-4F87-A603-6277079F2E24}.Release.Build.0 = Release|Win32
		{D880F80F-0BAC-4F87-A603-6277079F2E24}.Release Unicode.ActiveCfg = Release Unicode|Win32
		{D880F80F-0BAC-4F87-A603-6277079F2E24}.Release Unicode.Build.0 = Release Unicode|Win32
	EndGlobalSection
	GlobalSection(ExtensibilityGlobals) = postSolution
	EndGlobalSection
	GlobalSection(ExtensibilityAddIns) = postSolution
	EndGlobalSection
EndGlobal
