Microsoft Visual Studio Solution File, Format Version 7.00
Project("{8BC9CEB8-8B4A-11D0-8D11-00A0C91BC942}") = "PlayCapMoniker", "PlayCapMoniker.vcproj", "{7870FDD8-8A76-4311-8577-231331332DBB}"
EndProject
Global
	GlobalSection(SolutionConfiguration) = preSolution
		ConfigName.0 = Debug
		ConfigName.1 = Debug Unicode
		ConfigName.2 = Release
		ConfigName.3 = Release Unicode
	EndGlobalSection
	GlobalSection(ProjectDependencies) = postSolution
	EndGlobalSection
	GlobalSection(ProjectConfiguration) = postSolution
		{7870FDD8-8A76-4311-8577-231331332DBB}.Debug.ActiveCfg = Debug|Win32
		{7870FDD8-8A76-4311-8577-231331332DBB}.Debug.Build.0 = Debug|Win32
		{7870FDD8-8A76-4311-8577-231331332DBB}.Debug Unicode.ActiveCfg = Debug Unicode|Win32
		{7870FDD8-8A76-4311-8577-231331332DBB}.Debug Unicode.Build.0 = Debug Unicode|Win32
		{7870FDD8-8A76-4311-8577-231331332DBB}.Release.ActiveCfg = Release|Win32
		{7870FDD8-8A76-4311-8577-231331332DBB}.Release.Build.0 = Release|Win32
		{7870FDD8-8A76-4311-8577-231331332DBB}.Release Unicode.ActiveCfg = Release Unicode|Win32
		{7870FDD8-8A76-4311-8577-231331332DBB}.Release Unicode.Build.0 = Release Unicode|Win32
	EndGlobalSection
	GlobalSection(ExtensibilityGlobals) = postSolution
	EndGlobalSection
	GlobalSection(ExtensibilityAddIns) = postSolution
	EndGlobalSection
EndGlobal
