Microsoft Visual Studio Solution File, Format Version 7.00
Project("{8BC9CEB8-8B4A-11D0-8D11-00A0C91BC942}") = "VMRPip9", "VMRPip9.vcproj", "{8EB87DA3-4F9A-43B8-97C0-6C096399BC0A}"
EndProject
Global
	GlobalSection(SolutionConfiguration) = preSolution
		ConfigName.0 = Debug
		ConfigName.1 = Debug Unicode
		ConfigName.2 = Release
		ConfigName.3 = Release Unicode
	EndGlobalSection
	GlobalSection(ProjectDependencies) = postSolution
	EndGlobalSection
	GlobalSection(ProjectConfiguration) = postSolution
		{8EB87DA3-4F9A-43B8-97C0-6C096399BC0A}.Debug.ActiveCfg = Debug|Win32
		{8EB87DA3-4F9A-43B8-97C0-6C096399BC0A}.Debug.Build.0 = Debug|Win32
		{8EB87DA3-4F9A-43B8-97C0-6C096399BC0A}.Debug Unicode.ActiveCfg = Debug Unicode|Win32
		{8EB87DA3-4F9A-43B8-97C0-6C096399BC0A}.Debug Unicode.Build.0 = Debug Unicode|Win32
		{8EB87DA3-4F9A-43B8-97C0-6C096399BC0A}.Release.ActiveCfg = Release|Win32
		{8EB87DA3-4F9A-43B8-97C0-6C096399BC0A}.Release.Build.0 = Release|Win32
		{8EB87DA3-4F9A-43B8-97C0-6C096399BC0A}.Release Unicode.ActiveCfg = Release Unicode|Win32
		{8EB87DA3-4F9A-43B8-97C0-6C096399BC0A}.Release Unicode.Build.0 = Release Unicode|Win32
	EndGlobalSection
	GlobalSection(ExtensibilityGlobals) = postSolution
	EndGlobalSection
	GlobalSection(ExtensibilityAddIns) = postSolution
	EndGlobalSection
EndGlobal
